
Microsoft Visual Studio Solution File, Format Version 12.00
# Visual Studio 15
Project("{FAE04EC0-301F-11D3-BF4B-00C04F79EFBC}") = "Assembly-CSharp", "Assembly-CSharp.csproj", "{F650CB2E-A626-02CC-C099-9D1C449CFC6B}"
EndProject
Global
	GlobalSection(SolutionConfigurationPlatforms) = preSolution
		Debug|Any CPU = Debug|Any CPU
		Release|Any CPU = Release|Any CPU
	EndGlobalSection
	GlobalSection(ProjectConfigurationPlatforms) = postSolution
		{F650CB2E-A626-02CC-C099-9D1C449CFC6B}.Debug|Any CPU.ActiveCfg = Debug|Any CPU
		{F650CB2E-A626-02CC-C099-9D1C449CFC6B}.Debug|Any CPU.Build.0 = Debug|Any CPU
		{F650CB2E-A626-02CC-C099-9D1C449CFC6B}.Release|Any CPU.ActiveCfg = Release|Any CPU
		{F650CB2E-A626-02CC-C099-9D1C449CFC6B}.Release|Any CPU.Build.0 = Release|Any CPU
	EndGlobalSection
	GlobalSection(SolutionProperties) = preSolution
		HideSolutionNode = FALSE
	EndGlobalSection
EndGlobal
